
Microsoft Visual Studio Solution File, Format Version 12.00
# Visual Studio 14
VisualStudioVersion = 14.0.25420.1
MinimumVisualStudioVersion = 10.0.40219.1
Project("{FAE04EC0-301F-11D3-BF4B-00C04F79EFBC}") = "MathFlashCards.v0", "MathFlashCards.v0\MathFlashCards.v0.csproj", "{9F01858C-46BA-4562-A936-04E4DC6A3D59}"
EndProject
Project("{FAE04EC0-301F-11D3-BF4B-00C04F79EFBC}") = "MathFlashCards.v1", "MathFlashCards.v1\MathFlashCards.v1.csproj", "{F326EF82-32C4-442D-A2BE-1F026DC6DE0C}"
EndProject
Project("{2150E333-8FDC-42A3-9474-1A3956D46DE8}") = "Solution Items", "Solution Items", "{65222EF4-FE81-4DEB-A0A5-B826B4B58C5A}"
	ProjectSection(SolutionItems) = preProject
		README.md = README.md
	EndProjectSection
EndProject
Project("{FAE04EC0-301F-11D3-BF4B-00C04F79EFBC}") = "MathFlashCards.v2", "MathFlashCards.v3\MathFlashCards.v2.csproj", "{3CAC95F3-12EE-4307-AF3A-D0FDC283FB43}"
EndProject
Global
	GlobalSection(SolutionConfigurationPlatforms) = preSolution
		Debug|Any CPU = Debug|Any CPU
		Release|Any CPU = Release|Any CPU
	EndGlobalSection
	GlobalSection(ProjectConfigurationPlatforms) = postSolution
		{9F01858C-46BA-4562-A936-04E4DC6A3D59}.Debug|Any CPU.ActiveCfg = Debug|Any CPU
		{9F01858C-46BA-4562-A936-04E4DC6A3D59}.Debug|Any CPU.Build.0 = Debug|Any CPU
		{9F01858C-46BA-4562-A936-04E4DC6A3D59}.Debug|Any CPU.Deploy.0 = Debug|Any CPU
		{9F01858C-46BA-4562-A936-04E4DC6A3D59}.Release|Any CPU.ActiveCfg = Release|Any CPU
		{9F01858C-46BA-4562-A936-04E4DC6A3D59}.Release|Any CPU.Build.0 = Release|Any CPU
		{9F01858C-46BA-4562-A936-04E4DC6A3D59}.Release|Any CPU.Deploy.0 = Release|Any CPU
		{F326EF82-32C4-442D-A2BE-1F026DC6DE0C}.Debug|Any CPU.ActiveCfg = Debug|Any CPU
		{F326EF82-32C4-442D-A2BE-1F026DC6DE0C}.Debug|Any CPU.Build.0 = Debug|Any CPU
		{F326EF82-32C4-442D-A2BE-1F026DC6DE0C}.Debug|Any CPU.Deploy.0 = Debug|Any CPU
		{F326EF82-32C4-442D-A2BE-1F026DC6DE0C}.Release|Any CPU.ActiveCfg = Release|Any CPU
		{F326EF82-32C4-442D-A2BE-1F026DC6DE0C}.Release|Any CPU.Build.0 = Release|Any CPU
		{F326EF82-32C4-442D-A2BE-1F026DC6DE0C}.Release|Any CPU.Deploy.0 = Release|Any CPU
		{3CAC95F3-12EE-4307-AF3A-D0FDC283FB43}.Debug|Any CPU.ActiveCfg = Debug|Any CPU
		{3CAC95F3-12EE-4307-AF3A-D0FDC283FB43}.Debug|Any CPU.Build.0 = Debug|Any CPU
		{3CAC95F3-12EE-4307-AF3A-D0FDC283FB43}.Debug|Any CPU.Deploy.0 = Debug|Any CPU
		{3CAC95F3-12EE-4307-AF3A-D0FDC283FB43}.Release|Any CPU.ActiveCfg = Release|Any CPU
		{3CAC95F3-12EE-4307-AF3A-D0FDC283FB43}.Release|Any CPU.Build.0 = Release|Any CPU
		{3CAC95F3-12EE-4307-AF3A-D0FDC283FB43}.Release|Any CPU.Deploy.0 = Release|Any CPU
	EndGlobalSection
	GlobalSection(SolutionProperties) = preSolution
		HideSolutionNode = FALSE
	EndGlobalSection
EndGlobal
