
Microsoft Visual Studio Solution File, Format Version 12.00
# Visual Studio 15
VisualStudioVersion = 15.0.28010.2036
MinimumVisualStudioVersion = 10.0.40219.1
Project("{FAE04EC0-301F-11D3-BF4B-00C04F79EFBC}") = "ListActivity+Index", "ListActivity+Index.csproj", "{6766BD5D-2BFD-4342-89DA-BE28B64DB0B9}"
EndProject
Global
	GlobalSection(SolutionConfigurationPlatforms) = preSolution
		Debug|Any CPU = Debug|Any CPU
		Release|Any CPU = Release|Any CPU
	EndGlobalSection
	GlobalSection(ProjectConfigurationPlatforms) = postSolution
		{6766BD5D-2BFD-4342-89DA-BE28B64DB0B9}.Debug|Any CPU.ActiveCfg = Debug|Any CPU
		{6766BD5D-2BFD-4342-89DA-BE28B64DB0B9}.Debug|Any CPU.Build.0 = Debug|Any CPU
		{6766BD5D-2BFD-4342-89DA-BE28B64DB0B9}.Debug|Any CPU.Deploy.0 = Debug|Any CPU
		{6766BD5D-2BFD-4342-89DA-BE28B64DB0B9}.Release|Any CPU.ActiveCfg = Release|Any CPU
		{6766BD5D-2BFD-4342-89DA-BE28B64DB0B9}.Release|Any CPU.Build.0 = Release|Any CPU
		{6766BD5D-2BFD-4342-89DA-BE28B64DB0B9}.Release|Any CPU.Deploy.0 = Release|Any CPU
	EndGlobalSection
	GlobalSection(SolutionProperties) = preSolution
		HideSolutionNode = FALSE
	EndGlobalSection
	GlobalSection(ExtensibilityGlobals) = postSolution
		SolutionGuid = {3EE9B1A1-56B2-488D-A87F-E785251B4A50}
	EndGlobalSection
EndGlobal
