
Microsoft Visual Studio Solution File, Format Version 12.00
# Visual Studio 15
VisualStudioVersion = 15.0.27130.2027
MinimumVisualStudioVersion = 10.0.40219.1
Project("{FAE04EC0-301F-11D3-BF4B-00C04F79EFBC}") = "ToDo", "ToDo\ToDo.csproj", "{79EBD9BB-8513-4C7D-9207-77075BECB743}"
EndProject
Global
	GlobalSection(SolutionConfigurationPlatforms) = preSolution
		Debug|Any CPU = Debug|Any CPU
		Release|Any CPU = Release|Any CPU
	EndGlobalSection
	GlobalSection(ProjectConfigurationPlatforms) = postSolution
		{79EBD9BB-8513-4C7D-9207-77075BECB743}.Debug|Any CPU.ActiveCfg = Debug|Any CPU
		{79EBD9BB-8513-4C7D-9207-77075BECB743}.Debug|Any CPU.Build.0 = Debug|Any CPU
		{79EBD9BB-8513-4C7D-9207-77075BECB743}.Debug|Any CPU.Deploy.0 = Debug|Any CPU
		{79EBD9BB-8513-4C7D-9207-77075BECB743}.Release|Any CPU.ActiveCfg = Release|Any CPU
		{79EBD9BB-8513-4C7D-9207-77075BECB743}.Release|Any CPU.Build.0 = Release|Any CPU
	EndGlobalSection
	GlobalSection(SolutionProperties) = preSolution
		HideSolutionNode = FALSE
	EndGlobalSection
	GlobalSection(ExtensibilityGlobals) = postSolution
		SolutionGuid = {BFA02A45-2C02-42AA-A292-03A2A4B8EBC6}
	EndGlobalSection
EndGlobal
