
Microsoft Visual Studio Solution File, Format Version 12.00
# Visual Studio 2012
Project("{FAE04EC0-301F-11D3-BF4B-00C04F79EFBC}") = "ClickCounter-Code", "ClickCounter-Code\ClickCounter-Code.csproj", "{D9D7A9A2-8CEA-4A3A-BD52-CDFA2E3C7327}"
EndProject
Project("{FAE04EC0-301F-11D3-BF4B-00C04F79EFBC}") = "ClickCounter-XML", "ClickCounter-XML\ClickCounter-XML.csproj", "{F09932F1-9A05-49DB-9FA8-1DB7140B44FA}"
EndProject
Global
	GlobalSection(SolutionConfigurationPlatforms) = preSolution
		Debug|Any CPU = Debug|Any CPU
		Release|Any CPU = Release|Any CPU
	EndGlobalSection
	GlobalSection(ProjectConfigurationPlatforms) = postSolution
		{D9D7A9A2-8CEA-4A3A-BD52-CDFA2E3C7327}.Debug|Any CPU.ActiveCfg = Debug|Any CPU
		{D9D7A9A2-8CEA-4A3A-BD52-CDFA2E3C7327}.Debug|Any CPU.Build.0 = Debug|Any CPU
		{D9D7A9A2-8CEA-4A3A-BD52-CDFA2E3C7327}.Release|Any CPU.ActiveCfg = Release|Any CPU
		{D9D7A9A2-8CEA-4A3A-BD52-CDFA2E3C7327}.Release|Any CPU.Build.0 = Release|Any CPU
		{F09932F1-9A05-49DB-9FA8-1DB7140B44FA}.Debug|Any CPU.ActiveCfg = Debug|Any CPU
		{F09932F1-9A05-49DB-9FA8-1DB7140B44FA}.Debug|Any CPU.Build.0 = Debug|Any CPU
		{F09932F1-9A05-49DB-9FA8-1DB7140B44FA}.Release|Any CPU.ActiveCfg = Release|Any CPU
		{F09932F1-9A05-49DB-9FA8-1DB7140B44FA}.Release|Any CPU.Build.0 = Release|Any CPU
	EndGlobalSection
EndGlobal
